// !$*UTF8*$!
{
	archiveVersion = 1;
	classes = {
	};
	objectVersion = 46;
	objects = {

/* Begin PBXBuildFile section */
		DB1D25E71C0845D3001294A9 /* main.m in Sources */ = {isa = PBXBuildFile; fileRef = DB1D25E61C0845D3001294A9 /* main.m */; };
		DB1D25EA1C0845D3001294A9 /* AppDelegate.m in Sources */ = {isa = PBXBuildFile; fileRef = DB1D25E91C0845D3001294A9 /* AppDelegate.m */; };
		DB1D25ED1C0845D3001294A9 /* ViewController.m in Sources */ = {isa = PBXBuildFile; fileRef = DB1D25EC1C0845D3001294A9 /* ViewController.m */; };
		DB1D25F01C0845D3001294A9 /* Main.storyboard in Resources */ = {isa = PBXBuildFile; fileRef = DB1D25EE1C0845D3001294A9 /* Main.storyboard */; };
		DB1D25F21C0845D3001294A9 /* Assets.xcassets in Resources */ = {isa = PBXBuildFile; fileRef = DB1D25F11C0845D3001294A9 /* Assets.xcassets */; };
		DB1D25F51C0845D3001294A9 /* LaunchScreen.storyboard in Resources */ = {isa = PBXBuildFile; fileRef = DB1D25F31C0845D3001294A9 /* LaunchScreen.storyboard */; };
		DB1D25FF1C08460E001294A9 /* AJToastViewController.m in Sources */ = {isa = PBXBuildFile; fileRef = DB1D25FE1C08460E001294A9 /* AJToastViewController.m */; };
		DB1D26021C084624001294A9 /* AJToast.m in Sources */ = {isa = PBXBuildFile; fileRef = DB1D26011C084624001294A9 /* AJToast.m */; };
		DB1D26371C086DA6001294A9 /* NSString+Size.m in Sources */ = {isa = PBXBuildFile; fileRef = DB1D26361C086DA6001294A9 /* NSString+Size.m */; };
		DB1D263A1C08709B001294A9 /* UIView+Extend.m in Sources */ = {isa = PBXBuildFile; fileRef = DB1D26391C08709B001294A9 /* UIView+Extend.m */; };
		EC88688B237EE0A2C2794FBA /* libPods.a in Frameworks */ = {isa = PBXBuildFile; fileRef = 7A9B3344B99D730768835792 /* libPods.a */; };
/* End PBXBuildFile section */

/* Begin PBXFileReference section */
		2B22DF4B409A68C89EC5CE09 /* Pods.debug.xcconfig */ = {isa = PBXFileReference; includeInIndex = 1; lastKnownFileType = text.xcconfig; name = Pods.debug.xcconfig; path = "Pods/Target Support Files/Pods/Pods.debug.xcconfig"; sourceTree = "<group>"; };
		768E653C5CC404701EEF4AA1 /* Pods.release.xcconfig */ = {isa = PBXFileReference; includeInIndex = 1; lastKnownFileType = text.xcconfig; name = Pods.release.xcconfig; path = "Pods/Target Support Files/Pods/Pods.release.xcconfig"; sourceTree = "<group>"; };
		7A9B3344B99D730768835792 /* libPods.a */ = {isa = PBXFileReference; explicitFileType = archive.ar; includeInIndex = 0; path = libPods.a; sourceTree = BUILT_PRODUCTS_DIR; };
		DB1D25E21C0845D3001294A9 /* AJToastHub.app */ = {isa = PBXFileReference; explicitFileType = wrapper.application; includeInIndex = 0; path = AJToastHub.app; sourceTree = BUILT_PRODUCTS_DIR; };
		DB1D25E61C0845D3001294A9 /* main.m */ = {isa = PBXFileReference; lastKnownFileType = sourcecode.c.objc; path = main.m; sourceTree = "<group>"; };
		DB1D25E81C0845D3001294A9 /* AppDelegate.h */ = {isa = PBXFileReference; lastKnownFileType = sourcecode.c.h; path = AppDelegate.h; sourceTree = "<group>"; };
		DB1D25E91C0845D3001294A9 /* AppDelegate.m */ = {isa = PBXFileReference; lastKnownFileType = sourcecode.c.objc; path = AppDelegate.m; sourceTree = "<group>"; };
		DB1D25EB1C0845D3001294A9 /* ViewController.h */ = {isa = PBXFileReference; lastKnownFileType = sourcecode.c.h; path = ViewController.h; sourceTree = "<group>"; };
		DB1D25EC1C0845D3001294A9 /* ViewController.m */ = {isa = PBXFileReference; lastKnownFileType = sourcecode.c.objc; path = ViewController.m; sourceTree = "<group>"; };
		DB1D25EF1C0845D3001294A9 /* Base */ = {isa = PBXFileReference; lastKnownFileType = file.storyboard; name = Base; path = Base.lproj/Main.storyboard; sourceTree = "<group>"; };
		DB1D25F11C0845D3001294A9 /* Assets.xcassets */ = {isa = PBXFileReference; lastKnownFileType = folder.assetcatalog; path = Assets.xcassets; sourceTree = "<group>"; };
		DB1D25F41C0845D3001294A9 /* Base */ = {isa = PBXFileReference; lastKnownFileType = file.storyboard; name = Base; path = Base.lproj/LaunchScreen.storyboard; sourceTree = "<group>"; };
		DB1D25F61C0845D3001294A9 /* Info.plist */ = {isa = PBXFileReference; lastKnownFileType = text.plist.xml; path = Info.plist; sourceTree = "<group>"; };
		DB1D25FD1C08460E001294A9 /* AJToastViewController.h */ = {isa = PBXFileReference; fileEncoding = 4; lastKnownFileType = sourcecode.c.h; path = AJToastViewController.h; sourceTree = "<group>"; };
		DB1D25FE1C08460E001294A9 /* AJToastViewController.m */ = {isa = PBXFileReference; fileEncoding = 4; lastKnownFileType = sourcecode.c.objc; path = AJToastViewController.m; sourceTree = "<group>"; };
		DB1D26001C084624001294A9 /* AJToast.h */ = {isa = PBXFileReference; fileEncoding = 4; lastKnownFileType = sourcecode.c.h; path = AJToast.h; sourceTree = "<group>"; };
		DB1D26011C084624001294A9 /* AJToast.m */ = {isa = PBXFileReference; fileEncoding = 4; lastKnownFileType = sourcecode.c.objc; path = AJToast.m; sourceTree = "<group>"; };
		DB1D26351C086DA6001294A9 /* NSString+Size.h */ = {isa = PBXFileReference; fileEncoding = 4; lastKnownFileType = sourcecode.c.h; path = "NSString+Size.h"; sourceTree = "<group>"; };
		DB1D26361C086DA6001294A9 /* NSString+Size.m */ = {isa = PBXFileReference; fileEncoding = 4; lastKnownFileType = sourcecode.c.objc; path = "NSString+Size.m"; sourceTree = "<group>"; };
		DB1D26381C08709B001294A9 /* UIView+Extend.h */ = {isa = PBXFileReference; fileEncoding = 4; lastKnownFileType = sourcecode.c.h; path = "UIView+Extend.h"; sourceTree = "<group>"; };
		DB1D26391C08709B001294A9 /* UIView+Extend.m */ = {isa = PBXFileReference; fileEncoding = 4; lastKnownFileType = sourcecode.c.objc; path = "UIView+Extend.m"; sourceTree = "<group>"; };
/* End PBXFileReference section */

/* Begin PBXFrameworksBuildPhase section */
		DB1D25DF1C0845D3001294A9 /* Frameworks */ = {
			isa = PBXFrameworksBuildPhase;
			buildActionMask = 2147483647;
			files = (
				EC88688B237EE0A2C2794FBA /* libPods.a in Frameworks */,
			);
			runOnlyForDeploymentPostprocessing = 0;
		};
/* End PBXFrameworksBuildPhase section */

/* Begin PBXGroup section */
		396CFF9E092B45DCA4074372 /* Frameworks */ = {
			isa = PBXGroup;
			children = (
				7A9B3344B99D730768835792 /* libPods.a */,
			);
			name = Frameworks;
			sourceTree = "<group>";
		};
		C31C714691AC470A95BFD0CA /* Pods */ = {
			isa = PBXGroup;
			children = (
				2B22DF4B409A68C89EC5CE09 /* Pods.debug.xcconfig */,
				768E653C5CC404701EEF4AA1 /* Pods.release.xcconfig */,
			);
			name = Pods;
			sourceTree = "<group>";
		};
		DB1D25D91C0845D3001294A9 = {
			isa = PBXGroup;
			children = (
				DB1D25E41C0845D3001294A9 /* AJToastHub */,
				DB1D25E31C0845D3001294A9 /* Products */,
				C31C714691AC470A95BFD0CA /* Pods */,
				396CFF9E092B45DCA4074372 /* Frameworks */,
			);
			sourceTree = "<group>";
		};
		DB1D25E31C0845D3001294A9 /* Products */ = {
			isa = PBXGroup;
			children = (
				DB1D25E21C0845D3001294A9 /* AJToastHub.app */,
			);
			name = Products;
			sourceTree = "<group>";
		};
		DB1D25E41C0845D3001294A9 /* AJToastHub */ = {
			isa = PBXGroup;
			children = (
				DB1D25FC1C0845E1001294A9 /* AJToast */,
				DB1D25E81C0845D3001294A9 /* AppDelegate.h */,
				DB1D25E91C0845D3001294A9 /* AppDelegate.m */,
				DB1D25EB1C0845D3001294A9 /* ViewController.h */,
				DB1D25EC1C0845D3001294A9 /* ViewController.m */,
				DB1D25EE1C0845D3001294A9 /* Main.storyboard */,
				DB1D25F11C0845D3001294A9 /* Assets.xcassets */,
				DB1D25F31C0845D3001294A9 /* LaunchScreen.storyboard */,
				DB1D25F61C0845D3001294A9 /* Info.plist */,
				DB1D25E51C0845D3001294A9 /* Supporting Files */,
			);
			path = AJToastHub;
			sourceTree = "<group>";
		};
		DB1D25E51C0845D3001294A9 /* Supporting Files */ = {
			isa = PBXGroup;
			children = (
				DB1D25E61C0845D3001294A9 /* main.m */,
			);
			name = "Supporting Files";
			sourceTree = "<group>";
		};
		DB1D25FC1C0845E1001294A9 /* AJToast */ = {
			isa = PBXGroup;
			children = (
				DB1D26381C08709B001294A9 /* UIView+Extend.h */,
				DB1D26391C08709B001294A9 /* UIView+Extend.m */,
				DB1D26351C086DA6001294A9 /* NSString+Size.h */,
				DB1D26361C086DA6001294A9 /* NSString+Size.m */,
				DB1D25FD1C08460E001294A9 /* AJToastViewController.h */,
				DB1D25FE1C08460E001294A9 /* AJToastViewController.m */,
				DB1D26001C084624001294A9 /* AJToast.h */,
				DB1D26011C084624001294A9 /* AJToast.m */,
			);
			name = AJToast;
			sourceTree = "<group>";
		};
/* End PBXGroup section */

/* Begin PBXNativeTarget section */
		DB1D25E11C0845D3001294A9 /* AJToastHub */ = {
			isa = PBXNativeTarget;
			buildConfigurationList = DB1D25F91C0845D3001294A9 /* Build configuration list for PBXNativeTarget "AJToastHub" */;
			buildPhases = (
				ED20B629560E1C7118530F6C /* Check Pods Manifest.lock */,
				DB1D25DE1C0845D3001294A9 /* Sources */,
				DB1D25DF1C0845D3001294A9 /* Frameworks */,
				DB1D25E01C0845D3001294A9 /* Resources */,
				F89C8875B5D59F13BCE5D549 /* Embed Pods Frameworks */,
				01BD7363B5FE4BEDCA4FC375 /* Copy Pods Resources */,
			);
			buildRules = (
			);
			dependencies = (
			);
			name = AJToastHub;
			productName = AJToastHub;
			productReference = DB1D25E21C0845D3001294A9 /* AJToastHub.app */;
			productType = "com.apple.product-type.application";
		};
/* End PBXNativeTarget section */

/* Begin PBXProject section */
		DB1D25DA1C0845D3001294A9 /* Project object */ = {
			isa = PBXProject;
			attributes = {
				LastUpgradeCheck = 0710;
				ORGANIZATIONNAME = "钟宝健";
				TargetAttributes = {
					DB1D25E11C0845D3001294A9 = {
						CreatedOnToolsVersion = 7.1;
					};
				};
			};
			buildConfigurationList = DB1D25DD1C0845D3001294A9 /* Build configuration list for PBXProject "AJToastHub" */;
			compatibilityVersion = "Xcode 3.2";
			developmentRegion = English;
			hasScannedForEncodings = 0;
			knownRegions = (
				en,
				Base,
			);
			mainGroup = DB1D25D91C0845D3001294A9;
			productRefGroup = DB1D25E31C0845D3001294A9 /* Products */;
			projectDirPath = "";
			projectRoot = "";
			targets = (
				DB1D25E11C0845D3001294A9 /* AJToastHub */,
			);
		};
/* End PBXProject section */

/* Begin PBXResourcesBuildPhase section */
		DB1D25E01C0845D3001294A9 /* Resources */ = {
			isa = PBXResourcesBuildPhase;
			buildActionMask = 2147483647;
			files = (
				DB1D25F51C0845D3001294A9 /* LaunchScreen.storyboard in Resources */,
				DB1D25F21C0845D3001294A9 /* Assets.xcassets in Resources */,
				DB1D25F01C0845D3001294A9 /* Main.storyboard in Resources */,
			);
			runOnlyForDeploymentPostprocessing = 0;
		};
/* End PBXResourcesBuildPhase section */

/* Begin PBXShellScriptBuildPhase section */
		01BD7363B5FE4BEDCA4FC375 /* Copy Pods Resources */ = {
			isa = PBXShellScriptBuildPhase;
			buildActionMask = 2147483647;
			files = (
			);
			inputPaths = (
			);
			name = "Copy Pods Resources";
			outputPaths = (
			);
			runOnlyForDeploymentPostprocessing = 0;
			shellPath = /bin/sh;
			shellScript = "\"${SRCROOT}/Pods/Target Support Files/Pods/Pods-resources.sh\"\n";
			showEnvVarsInLog = 0;
		};
		ED20B629560E1C7118530F6C /* Check Pods Manifest.lock */ = {
			isa = PBXShellScriptBuildPhase;
			buildActionMask = 2147483647;
			files = (
			);
			inputPaths = (
			);
			name = "Check Pods Manifest.lock";
			outputPaths = (
			);
			runOnlyForDeploymentPostprocessing = 0;
			shellPath = /bin/sh;
			shellScript = "diff \"${PODS_ROOT}/../Podfile.lock\" \"${PODS_ROOT}/Manifest.lock\" > /dev/null\nif [[ $? != 0 ]] ; then\n    cat << EOM\nerror: The sandbox is not in sync with the Podfile.lock. Run 'pod install' or update your CocoaPods installation.\nEOM\n    exit 1\nfi\n";
			showEnvVarsInLog = 0;
		};
		F89C8875B5D59F13BCE5D549 /* Embed Pods Frameworks */ = {
			isa = PBXShellScriptBuildPhase;
			buildActionMask = 2147483647;
			files = (
			);
			inputPaths = (
			);
			name = "Embed Pods Frameworks";
			outputPaths = (
			);
			runOnlyForDeploymentPostprocessing = 0;
			shellPath = /bin/sh;
			shellScript = "\"${SRCROOT}/Pods/Target Support Files/Pods/Pods-frameworks.sh\"\n";
			showEnvVarsInLog = 0;
		};
/* End PBXShellScriptBuildPhase section */

/* Begin PBXSourcesBuildPhase section */
		DB1D25DE1C0845D3001294A9 /* Sources */ = {
			isa = PBXSourcesBuildPhase;
			buildActionMask = 2147483647;
			files = (
				DB1D26021C084624001294A9 /* AJToast.m in Sources */,
				DB1D25ED1C0845D3001294A9 /* ViewController.m in Sources */,
				DB1D25EA1C0845D3001294A9 /* AppDelegate.m in Sources */,
				DB1D263A1C08709B001294A9 /* UIView+Extend.m in Sources */,
				DB1D25FF1C08460E001294A9 /* AJToastViewController.m in Sources */,
				DB1D26371C086DA6001294A9 /* NSString+Size.m in Sources */,
				DB1D25E71C0845D3001294A9 /* main.m in Sources */,
			);
			runOnlyForDeploymentPostprocessing = 0;
		};
/* End PBXSourcesBuildPhase section */

/* Begin PBXVariantGroup section */
		DB1D25EE1C0845D3001294A9 /* Main.storyboard */ = {
			isa = PBXVariantGroup;
			children = (
				DB1D25EF1C0845D3001294A9 /* Base */,
			);
			name = Main.storyboard;
			sourceTree = "<group>";
		};
		DB1D25F31C0845D3001294A9 /* LaunchScreen.storyboard */ = {
			isa = PBXVariantGroup;
			children = (
				DB1D25F41C0845D3001294A9 /* Base */,
			);
			name = LaunchScreen.storyboard;
			sourceTree = "<group>";
		};
/* End PBXVariantGroup section */

/* Begin XCBuildConfiguration section */
		DB1D25F71C0845D3001294A9 /* Debug */ = {
			isa = XCBuildConfiguration;
			buildSettings = {
				ALWAYS_SEARCH_USER_PATHS = NO;
				CLANG_CXX_LANGUAGE_STANDARD = "gnu++0x";
				CLANG_CXX_LIBRARY = "libc++";
				CLANG_ENABLE_MODULES = YES;
				CLANG_ENABLE_OBJC_ARC = YES;
				CLANG_WARN_BOOL_CONVERSION = YES;
				CLANG_WARN_CONSTANT_CONVERSION = YES;
				CLANG_WARN_DIRECT_OBJC_ISA_USAGE = YES_ERROR;
				CLANG_WARN_EMPTY_BODY = YES;
				CLANG_WARN_ENUM_CONVERSION = YES;
				CLANG_WARN_INT_CONVERSION = YES;
				CLANG_WARN_OBJC_ROOT_CLASS = YES_ERROR;
				CLANG_WARN_UNREACHABLE_CODE = YES;
				CLANG_WARN__DUPLICATE_METHOD_MATCH = YES;
				"CODE_SIGN_IDENTITY[sdk=iphoneos*]" = "iPhone Developer";
				COPY_PHASE_STRIP = NO;
				DEBUG_INFORMATION_FORMAT = dwarf;
				ENABLE_STRICT_OBJC_MSGSEND = YES;
				ENABLE_TESTABILITY = YES;
				GCC_C_LANGUAGE_STANDARD = gnu99;
				GCC_DYNAMIC_NO_PIC = NO;
				GCC_NO_COMMON_BLOCKS = YES;
				GCC_OPTIMIZATION_LEVEL = 0;
				GCC_PREPROCESSOR_DEFINITIONS = (
					"DEBUG=1",
					"$(inherited)",
				);
				GCC_WARN_64_TO_32_BIT_CONVERSION = YES;
				GCC_WARN_ABOUT_RETURN_TYPE = YES_ERROR;
				GCC_WARN_UNDECLARED_SELECTOR = YES;
				GCC_WARN_UNINITIALIZED_AUTOS = YES_AGGRESSIVE;
				GCC_WARN_UNUSED_FUNCTION = YES;
				GCC_WARN_UNUSED_VARIABLE = YES;
				IPHONEOS_DEPLOYMENT_TARGET = 9.1;
				MTL_ENABLE_DEBUG_INFO = YES;
				ONLY_ACTIVE_ARCH = YES;
				SDKROOT = iphoneos;
			};
			name = Debug;
		};
		DB1D25F81C0845D3001294A9 /* Release */ = {
			isa = XCBuildConfiguration;
			buildSettings = {
				ALWAYS_SEARCH_USER_PATHS = NO;
				CLANG_CXX_LANGUAGE_STANDARD = "gnu++0x";
				CLANG_CXX_LIBRARY = "libc++";
				CLANG_ENABLE_MODULES = YES;
				CLANG_ENABLE_OBJC_ARC = YES;
				CLANG_WARN_BOOL_CONVERSION = YES;
				CLANG_WARN_CONSTANT_CONVERSION = YES;
				CLANG_WARN_DIRECT_OBJC_ISA_USAGE = YES_ERROR;
				CLANG_WARN_EMPTY_BODY = YES;
				CLANG_WARN_ENUM_CONVERSION = YES;
				CLANG_WARN_INT_CONVERSION = YES;
				CLANG_WARN_OBJC_ROOT_CLASS = YES_ERROR;
				CLANG_WARN_UNREACHABLE_CODE = YES;
				CLANG_WARN__DUPLICATE_METHOD_MATCH = YES;
				"CODE_SIGN_IDENTITY[sdk=iphoneos*]" = "iPhone Developer";
				COPY_PHASE_STRIP = NO;
				DEBUG_INFORMATION_FORMAT = "dwarf-with-dsym";
				ENABLE_NS_ASSERTIONS = NO;
				ENABLE_STRICT_OBJC_MSGSEND = YES;
				GCC_C_LANGUAGE_STANDARD = gnu99;
				GCC_NO_COMMON_BLOCKS = YES;
				GCC_WARN_64_TO_32_BIT_CONVERSION = YES;
				GCC_WARN_ABOUT_RETURN_TYPE = YES_ERROR;
				GCC_WARN_UNDECLARED_SELECTOR = YES;
				GCC_WARN_UNINITIALIZED_AUTOS = YES_AGGRESSIVE;
				GCC_WARN_UNUSED_FUNCTION = YES;
				GCC_WARN_UNUSED_VARIABLE = YES;
				IPHONEOS_DEPLOYMENT_TARGET = 9.1;
				MTL_ENABLE_DEBUG_INFO = NO;
				SDKROOT = iphoneos;
				VALIDATE_PRODUCT = YES;
			};
			name = Release;
		};
		DB1D25FA1C0845D3001294A9 /* Debug */ = {
			isa = XCBuildConfiguration;
			baseConfigurationReference = 2B22DF4B409A68C89EC5CE09 /* Pods.debug.xcconfig */;
			buildSettings = {
				ASSETCATALOG_COMPILER_APPICON_NAME = AppIcon;
				INFOPLIST_FILE = AJToastHub/Info.plist;
				IPHONEOS_DEPLOYMENT_TARGET = 7.0;
				LD_RUNPATH_SEARCH_PATHS = "$(inherited) @executable_path/Frameworks";
				PRODUCT_BUNDLE_IDENTIFIER = com.joiway.AJToastHub;
				PRODUCT_NAME = "$(TARGET_NAME)";
			};
			name = Debug;
		};
		DB1D25FB1C0845D3001294A9 /* Release */ = {
			isa = XCBuildConfiguration;
			baseConfigurationReference = 768E653C5CC404701EEF4AA1 /* Pods.release.xcconfig */;
			buildSettings = {
				ASSETCATALOG_COMPILER_APPICON_NAME = AppIcon;
				INFOPLIST_FILE = AJToastHub/Info.plist;
				IPHONEOS_DEPLOYMENT_TARGET = 7.0;
				LD_RUNPATH_SEARCH_PATHS = "$(inherited) @executable_path/Frameworks";
				PRODUCT_BUNDLE_IDENTIFIER = com.joiway.AJToastHub;
				PRODUCT_NAME = "$(TARGET_NAME)";
			};
			name = Release;
		};
/* End XCBuildConfiguration section */

/* Begin XCConfigurationList section */
		DB1D25DD1C0845D3001294A9 /* Build configuration list for PBXProject "AJToastHub" */ = {
			isa = XCConfigurationList;
			buildConfigurations = (
				DB1D25F71C0845D3001294A9 /* Debug */,
				DB1D25F81C0845D3001294A9 /* Release */,
			);
			defaultConfigurationIsVisible = 0;
			defaultConfigurationName = Release;
		};
		DB1D25F91C0845D3001294A9 /* Build configuration list for PBXNativeTarget "AJToastHub" */ = {
			isa = XCConfigurationList;
			buildConfigurations = (
				DB1D25FA1C0845D3001294A9 /* Debug */,
				DB1D25FB1C0845D3001294A9 /* Release */,
			);
			defaultConfigurationIsVisible = 0;
			defaultConfigurationName = Release;
		};
/* End XCConfigurationList section */
	};
	rootObject = DB1D25DA1C0845D3001294A9 /* Project object */;
}
